
Microsoft Visual Studio Solution File, Format Version 12.00
Project("{FAE04EC0-301F-11D3-BF4B-00C04F79EFBC}") = "AuthApi", "AuthApi\AuthApi.csproj", "{8FE790E9-6DD4-4595-B021-3E2A582AD610}"
EndProject
Project("{FAE04EC0-301F-11D3-BF4B-00C04F79EFBC}") = "AuthApi.Tests", "AuthApi.Tests\AuthApi.Tests.csproj", "{4C398BE6-3E65-45DD-9C38-CEF213EA88D0}"
EndProject
Global
	GlobalSection(SolutionConfigurationPlatforms) = preSolution
		Debug|Any CPU = Debug|Any CPU
		Release|Any CPU = Release|Any CPU
	EndGlobalSection
	GlobalSection(ProjectConfigurationPlatforms) = postSolution
		{8FE790E9-6DD4-4595-B021-3E2A582AD610}.Debug|Any CPU.ActiveCfg = Debug|Any CPU
		{8FE790E9-6DD4-4595-B021-3E2A582AD610}.Debug|Any CPU.Build.0 = Debug|Any CPU
		{8FE790E9-6DD4-4595-B021-3E2A582AD610}.Release|Any CPU.ActiveCfg = Release|Any CPU
		{8FE790E9-6DD4-4595-B021-3E2A582AD610}.Release|Any CPU.Build.0 = Release|Any CPU
		{4C398BE6-3E65-45DD-9C38-CEF213EA88D0}.Debug|Any CPU.ActiveCfg = Debug|Any CPU
		{4C398BE6-3E65-45DD-9C38-CEF213EA88D0}.Debug|Any CPU.Build.0 = Debug|Any CPU
		{4C398BE6-3E65-45DD-9C38-CEF213EA88D0}.Release|Any CPU.ActiveCfg = Release|Any CPU
		{4C398BE6-3E65-45DD-9C38-CEF213EA88D0}.Release|Any CPU.Build.0 = Release|Any CPU
	EndGlobalSection
EndGlobal
